{
  "name": "composio",
  "version": "1.0.0",
  "lockfileVersion": 3,
  "requires": true,
  "packages": {
    "": {
      "name": "composio",
      "version": "1.0.0",
      "license": "ISC",
      "dependencies": {
        "@composio/core": "^0.18.0"
      }
    },
    "node_modules/@composio/client": {
      "version": "0.1.0-alpha.76",
      "resolved": "https://registry.npmjs.org/@composio/client/-/client-0.1.0-alpha.76.tgz",
      "integrity": "sha512-MXC5JGRVdiQ4EgLricy9o/mqBa1+1T7wHFZ6Q4ZJkrjzZqOMvxTgy21Zlb5J/1oGkB2bg9UDzpH8PkXCp/D4zA==",
      "license": "Apache-2.0"
    },
    "node_modules/@composio/core": {
      "version": "0.18.0",
      "resolved": "https://registry.npmjs.org/@composio/core/-/core-0.18.0.tgz",
      "integrity": "sha512-u8dfSDJV+BYiQYJBxbk6xRI8o8f7O6nb8xE0rJmvC+8zKNJdY/M119R8a30grLh07a6fcLeVFYCJlTRpCjwKyg==",
      "license": "ISC",
      "dependencies": {
        "@composio/client": "0.1.0-alpha.76",
        "@composio/json-schema-to-zod": "0.3.1",
        "@types/json-schema": "^7.0.15",
        "is-fs-case-sensitive": "^2.0.0",
        "openai": "^7.2.0",
        "picocolors": "^1.1.1",
        "pusher-js": "^8.6.0",
        "semver": "^7.8.5",
        "undici": "^7.29.0",
        "zod-to-json-schema": "^3.25.2"
      },
      "engines": {
        "node": ">=22.22.3"
      },
      "peerDependencies": {
        "zod": ">=3.25.76 <5"
      }
    },
    "node_modules/@composio/json-schema-to-zod": {
      "version": "0.3.1",
      "resolved": "https://registry.npmjs.org/@composio/json-schema-to-zod/-/json-schema-to-zod-0.3.1.tgz",
      "integrity": "sha512-ZmDksfKZrkJZj6XCgR+AmjsxqvFnfc4XDEQPfJJZMYxIqhE3MBZ2KimLuPT+YGahO4h9uzT2EYi9asMF4qR4+g==",
      "license": "ISC",
      "engines": {
        "node": ">=22.22.3"
      },
      "peerDependencies": {
        "zod": ">=3.25.76 <5"
      }
    },
    "node_modules/@types/json-schema": {
      "version": "7.0.15",
      "resolved": "https://registry.npmjs.org/@types/json-schema/-/json-schema-7.0.15.tgz",
      "integrity": "sha512-5+fP8P8MFNC+AyZCDxrB2pkZFPGzqQWUzpSeuuVLvm8VMcorNYavBqoFcxK8bQz4Qsbn4oUEEem4wDLfcysGHA==",
      "license": "MIT"
    },
    "node_modules/is-fs-case-sensitive": {
      "version": "2.0.0",
      "resolved": "https://registry.npmjs.org/is-fs-case-sensitive/-/is-fs-case-sensitive-2.0.0.tgz",
      "integrity": "sha512-JoCsyGITdYPM+pUbeMQ4IiEuQ4wjPdeWORlG7n644isewbcxiQIr+9gmF5k7UabTP/jLBRkbgydEamR7JZBKHA==",
      "license": "MIT",
      "funding": {
        "url": "https://github.com/privatenumber/is-fs-case-sensitive?sponsor=1"
      }
    },
    "node_modules/openai": {
      "version": "7.8.0",
      "resolved": "https://registry.npmjs.org/openai/-/openai-7.8.0.tgz",
      "integrity": "sha512-/2g9JzdnXNcjX1W/UlSNu+OdSFDAaAVt0n9Onom0kPenH54o59G2WrX/xjTnr26UHNSh6hxcAf58doGYRme2rw==",
      "license": "Apache-2.0",
      "engines": {
        "node": ">=22.0.0"
      },
      "peerDependencies": {
        "@aws-sdk/credential-provider-node": ">=3.972.0 <4",
        "@smithy/hash-node": ">=4.3.0 <5",
        "@smithy/signature-v4": ">=5.4.0 <6",
        "undici": ">=5 <9",
        "ws": "^8.21.0",
        "zod": "^3.25 || ^4.0"
      },
      "peerDependenciesMeta": {
        "@aws-sdk/credential-provider-node": {
          "optional": true
        },
        "@smithy/hash-node": {
          "optional": true
        },
        "@smithy/signature-v4": {
          "optional": true
        },
        "undici": {
          "optional": true
        },
        "ws": {
          "optional": true
        },
        "zod": {
          "optional": true
        }
      }
    },
    "node_modules/picocolors": {
      "version": "1.1.1",
      "resolved": "https://registry.npmjs.org/picocolors/-/picocolors-1.1.1.tgz",
      "integrity": "sha512-xceH2snhtb5M9liqDsmEw56le376mTZkEX/jEb/RxNFyegNul7eNslCXP9FDj/Lcu0X8KEyMceP2ntpaHrDEVA==",
      "license": "ISC"
    },
    "node_modules/pusher-js": {
      "version": "8.6.0",
      "resolved": "https://registry.npmjs.org/pusher-js/-/pusher-js-8.6.0.tgz",
      "integrity": "sha512-wShJPfCS/kYkCBVzVW67wa9cnQIgHTszEK2XHNrFkOgGruuGw081aERAxfRjfdFU+WcIt8x6dvbwkTW4iZuQ8Q==",
      "license": "MIT",
      "dependencies": {
        "tweetnacl": "^1.0.3"
      }
    },
    "node_modules/semver": {
      "version": "7.8.5",
      "resolved": "https://registry.npmjs.org/semver/-/semver-7.8.5.tgz",
      "integrity": "sha512-Y7/KDsb8LjooZpwaqGyulO6DQlksgCncchHGk+sZIY4SBvUocMBEFH5Ur1fI4dV+Jvl0w6cjvucaIi40puRioA==",
      "license": "ISC",
      "bin": {
        "semver": "bin/semver.js"
      },
      "engines": {
        "node": ">=10"
      }
    },
    "node_modules/tweetnacl": {
      "version": "1.0.3",
      "resolved": "https://registry.npmjs.org/tweetnacl/-/tweetnacl-1.0.3.tgz",
      "integrity": "sha512-6rt+RN7aOi1nGMyC4Xa5DdYiukl2UWCbcJft7YhxReBGQD7OAM8Pbxw6YMo4r2diNEA8FEmu32YOn9rhaiE5yw==",
      "license": "Unlicense"
    },
    "node_modules/undici": {
      "version": "7.29.0",
      "resolved": "https://registry.npmjs.org/undici/-/undici-7.29.0.tgz",
      "integrity": "sha512-IDxfleLmmbSskfWSUATiN1nfn2rDuvnMOqb5CWR92iIfojA0Ud+ulOAAEQ57LPr9rWmsreUyf5lwyao+7GNNVw==",
      "license": "MIT",
      "engines": {
        "node": ">=20.18.1"
      }
    },
    "node_modules/zod": {
      "version": "4.5.4",
      "resolved": "https://registry.npmjs.org/zod/-/zod-4.5.4.tgz",
      "integrity": "sha512-sC95tT5iHHH9gtpj6A81kh+NEaRAUFN+qlUPDUbRfOMvNf5QCBqsb3WgvnpVtK5Y+4UfA6KqufotuTvMGiTlsA==",
      "license": "MIT",
      "peer": true,
      "funding": {
        "url": "https://github.com/sponsors/colinhacks"
      }
    },
    "node_modules/zod-to-json-schema": {
      "version": "3.25.2",
      "resolved": "https://registry.npmjs.org/zod-to-json-schema/-/zod-to-json-schema-3.25.2.tgz",
      "integrity": "sha512-O/PgfnpT1xKSDeQYSCfRI5Gy3hPf91mKVDuYLUHZJMiDFptvP41MSnWofm8dnCm0256ZNfZIM7DSzuSMAFnjHA==",
      "license": "ISC",
      "peerDependencies": {
        "zod": "^3.25.28 || ^4"
      }
    }
  }
}
